Microsoft Visual Studio Solution File, Format Version 11.00
# Visual Studio 2008

Project("{73F99775-5658-4A36-9800-E775B48F3DBE}") = "Something", "Assembly-CSharp.csproj", "{EC4B63C1-CB11-A5B2-9947-492276635199}"
EndProject
Project("{73F99775-5658-4A36-9800-E775B48F3DBE}") = "Something", "Assembly-UnityScript.unityproj", "{0BA6C930-85C4-E7B9-4EFE-AAEE984CC091}"
EndProject
Global
	GlobalSection(SolutionConfigurationPlatforms) = preSolution
		Debug|Any CPU = Debug|Any CPU
		Release|Any CPU = Release|Any CPU
	EndGlobalSection
	GlobalSection(ProjectConfigurationPlatforms) = postSolution
		{EC4B63C1-CB11-A5B2-9947-492276635199}.Debug|Any CPU.ActiveCfg = Debug|Any CPU
		{EC4B63C1-CB11-A5B2-9947-492276635199}.Debug|Any CPU.Build.0 = Debug|Any CPU
		{EC4B63C1-CB11-A5B2-9947-492276635199}.Release|Any CPU.ActiveCfg = Release|Any CPU
		{EC4B63C1-CB11-A5B2-9947-492276635199}.Release|Any CPU.Build.0 = Release|Any CPU
		{0BA6C930-85C4-E7B9-4EFE-AAEE984CC091}.Debug|Any CPU.ActiveCfg = Debug|Any CPU
		{0BA6C930-85C4-E7B9-4EFE-AAEE984CC091}.Debug|Any CPU.Build.0 = Debug|Any CPU
		{0BA6C930-85C4-E7B9-4EFE-AAEE984CC091}.Release|Any CPU.ActiveCfg = Release|Any CPU
		{0BA6C930-85C4-E7B9-4EFE-AAEE984CC091}.Release|Any CPU.Build.0 = Release|Any CPU
	EndGlobalSection
	GlobalSection(SolutionProperties) = preSolution
		HideSolutionNode = FALSE
	EndGlobalSection
			GlobalSection(MonoDevelopProperties) = preSolution
		StartupItem = Assembly-CSharp.csproj
		Policies = $0
		$0.TextStylePolicy = $1
		$1.inheritsSet = null
		$1.scope = text/x-csharp
		$0.CSharpFormattingPolicy = $2
		$2.inheritsSet = Mono
		$2.inheritsScope = text/x-csharp
		$2.scope = text/x-csharp
		$0.TextStylePolicy = $3
		$3.FileWidth = 120
		$3.TabWidth = 4
		$3.EolMarker = Unix
		$3.inheritsSet = Mono
		$3.inheritsScope = text/plain
		$3.scope = text/plain
	EndGlobalSection

EndGlobal
